
Microsoft Visual Studio Solution File, Format Version 12.00
# Visual Studio Version 17
VisualStudioVersion = 17.9.34728.123
MinimumVisualStudioVersion = 10.0.40219.1
Project("{FAE04EC0-301F-11D3-BF4B-00C04F79EFBC}") = "ShippingChargesApp", "ShippingChargesApp.csproj", "{3EF15D13-A3F9-4A9A-89C7-F9C7788CC7AB}"
EndProject
Global
	GlobalSection(SolutionConfigurationPlatforms) = preSolution
		Debug|Any CPU = Debug|Any CPU
		Release|Any CPU = Release|Any CPU
	EndGlobalSection
	GlobalSection(ProjectConfigurationPlatforms) = postSolution
		{3EF15D13-A3F9-4A9A-89C7-F9C7788CC7AB}.Debug|Any CPU.ActiveCfg = Debug|Any CPU
		{3EF15D13-A3F9-4A9A-89C7-F9C7788CC7AB}.Debug|Any CPU.Build.0 = Debug|Any CPU
		{3EF15D13-A3F9-4A9A-89C7-F9C7788CC7AB}.Release|Any CPU.ActiveCfg = Release|Any CPU
		{3EF15D13-A3F9-4A9A-89C7-F9C7788CC7AB}.Release|Any CPU.Build.0 = Release|Any CPU
	EndGlobalSection
	GlobalSection(SolutionProperties) = preSolution
		HideSolutionNode = FALSE
	EndGlobalSection
	GlobalSection(ExtensibilityGlobals) = postSolution
		SolutionGuid = {624448FF-FC26-442F-B8F7-75FE23C498ED}
	EndGlobalSection
EndGlobal
