
Microsoft Visual Studio Solution File, Format Version 12.00
# Visual Studio Version 17
VisualStudioVersion = 17.9.34728.123
MinimumVisualStudioVersion = 10.0.40219.1
Project("{FAE04EC0-301F-11D3-BF4B-00C04F79EFBC}") = "BankApp", "BankApp.csproj", "{FA52A1AA-C6B3-4CF8-A69C-C2CCF889E0EC}"
EndProject
Global
	GlobalSection(SolutionConfigurationPlatforms) = preSolution
		Debug|Any CPU = Debug|Any CPU
		Release|Any CPU = Release|Any CPU
	EndGlobalSection
	GlobalSection(ProjectConfigurationPlatforms) = postSolution
		{FA52A1AA-C6B3-4CF8-A69C-C2CCF889E0EC}.Debug|Any CPU.ActiveCfg = Debug|Any CPU
		{FA52A1AA-C6B3-4CF8-A69C-C2CCF889E0EC}.Debug|Any CPU.Build.0 = Debug|Any CPU
		{FA52A1AA-C6B3-4CF8-A69C-C2CCF889E0EC}.Release|Any CPU.ActiveCfg = Release|Any CPU
		{FA52A1AA-C6B3-4CF8-A69C-C2CCF889E0EC}.Release|Any CPU.Build.0 = Release|Any CPU
	EndGlobalSection
	GlobalSection(SolutionProperties) = preSolution
		HideSolutionNode = FALSE
	EndGlobalSection
	GlobalSection(ExtensibilityGlobals) = postSolution
		SolutionGuid = {BBD2830F-DF84-44DF-BA66-C0BFC27E347F}
	EndGlobalSection
EndGlobal
